version = 1
revision = 2
requires-python = ">=3.13"
resolution-markers = [
    "platform_machine == 'x86_64'",
    "platform_machine != 'x86_64'",
]

[manifest]
requirements = [
    { name = "alkana", specifier = "==0.0.3" },
    { name = "fasteners", specifier = "==0.18" },
    { name = "pydantic", specifier = "==1.10.19" },
    { name = "python-dotenv", specifier = "==1.0.1" },
    { name = "voicevox-core", marker = "platform_machine != 'x86_64'", url = "https://github.com/VOICEVOX/voicevox_core/releases/download/0.16.0/voicevox_core-0.16.0-cp310-abi3-manylinux_2_34_aarch64.whl" },
    { name = "voicevox-core", marker = "platform_machine == 'x86_64'", url = "https://github.com/VOICEVOX/voicevox_core/releases/download/0.16.0/voicevox_core-0.16.0-cp310-abi3-manylinux_2_34_x86_64.whl" },
]

[[package]]
name = "alkana"
version = "0.0.3"
source = { registry = "https://pypi.org/simple" }
sdist = { url = "https://files.pythonhosted.org/packages/79/c6/d46afa94e24368f1f0014a861a86da2a2d26b0875da7a00a8ec41f4ba47d/alkana-0.0.3.tar.gz", hash = "sha256:95f40ab8d0a9446d7767bb71a22a64ffa032f5da7aa46aa6cb3afc93299fe6be", size = 369951, upload-time = "2021-10-07T21:25:21.725Z" }
wheels = [
    { url = "https://files.pythonhosted.org/packages/cd/4d/7be66b63787ff4a9008141ebd181f16e993bee91f2c42f0dd32d2aa8b0ea/alkana-0.0.3-py3-none-any.whl", hash = "sha256:9e9bd5502522cc93beaec44b7ae14e8bb409b055bc07d5c054fff3f93f53dd85", size = 371251, upload-time = "2021-10-07T21:25:19.225Z" },
]

[[package]]
name = "fasteners"
version = "0.18"
source = { registry = "https://pypi.org/simple" }
sdist = { url = "https://files.pythonhosted.org/packages/f5/9a/e613fc7f7fa157bea028d8d823a13ba5583a49a2dea926ca86b6cbf0fd00/fasteners-0.18.tar.gz", hash = "sha256:cb7c13ef91e0c7e4fe4af38ecaf6b904ec3f5ce0dda06d34924b6b74b869d953", size = 17809, upload-time = "2022-09-14T11:49:33.57Z" }
wheels = [
    { url = "https://files.pythonhosted.org/packages/bc/a2/7d35ba2c8d9963398fcec49cd814e50a6b920d213928f06fdbbf8aa3289b/fasteners-0.18-py3-none-any.whl", hash = "sha256:1d4caf5f8db57b0e4107d94fd5a1d02510a450dced6ca77d1839064c1bacf20c", size = 18481, upload-time = "2022-09-14T11:49:31.717Z" },
]

[[package]]
name = "pydantic"
version = "1.10.19"
source = { registry = "https://pypi.org/simple" }
dependencies = [
    { name = "typing-extensions" },
]
sdist = { url = "https://files.pythonhosted.org/packages/a1/2d/df30554721cdad26b241b7a92e726dd1c3716d90c92915731eb00e17a9f7/pydantic-1.10.19.tar.gz", hash = "sha256:fea36c2065b7a1d28c6819cc2e93387b43dd5d3cf5a1e82d8132ee23f36d1f10", size = 355208, upload-time = "2024-11-06T16:50:41.563Z" }
wheels = [
    { url = "https://files.pythonhosted.org/packages/a4/68/99ebf43b6b0321175cff0a05f0ce7fa51a8de67d390ccb8ab0d534be86a9/pydantic-1.10.19-py3-none-any.whl", hash = "sha256:2206a1752d9fac011e95ca83926a269fb0ef5536f7e053966d058316e24d929f", size = 165863, upload-time = "2024-11-06T16:50:39.747Z" },
]

[[package]]
name = "python-dotenv"
version = "1.0.1"
source = { registry = "https://pypi.org/simple" }
sdist = { url = "https://files.pythonhosted.org/packages/bc/57/e84d88dfe0aec03b7a2d4327012c1627ab5f03652216c63d49846d7a6c58/python-dotenv-1.0.1.tar.gz", hash = "sha256:e324ee90a023d808f1959c46bcbc04446a10ced277783dc6ee09987c37ec10ca", size = 39115, upload-time = "2024-01-23T06:33:00.505Z" }
wheels = [
    { url = "https://files.pythonhosted.org/packages/6a/3e/b68c118422ec867fa7ab88444e1274aa40681c606d59ac27de5a5588f082/python_dotenv-1.0.1-py3-none-any.whl", hash = "sha256:f7b63ef50f1b690dddf550d03497b66d609393b40b564ed0d674909a68ebf16a", size = 19863, upload-time = "2024-01-23T06:32:58.246Z" },
]

[[package]]
name = "typing-extensions"
version = "4.13.2"
source = { registry = "https://pypi.org/simple" }
sdist = { url = "https://files.pythonhosted.org/packages/f6/37/23083fcd6e35492953e8d2aaaa68b860eb422b34627b13f2ce3eb6106061/typing_extensions-4.13.2.tar.gz", hash = "sha256:e6c81219bd689f51865d9e372991c540bda33a0379d5573cddb9a3a23f7caaef", size = 106967, upload-time = "2025-04-10T14:19:05.416Z" }
wheels = [
    { url = "https://files.pythonhosted.org/packages/8b/54/b1ae86c0973cc6f0210b53d508ca3641fb6d0c56823f288d108bc7ab3cc8/typing_extensions-4.13.2-py3-none-any.whl", hash = "sha256:a439e7c04b49fec3e5d3e2beaa21755cadbbdc391694e28ccdd36ca4a1408f8c", size = 45806, upload-time = "2025-04-10T14:19:03.967Z" },
]

[[package]]
name = "voicevox-core"
version = "0.16.0"
source = { url = "https://github.com/VOICEVOX/voicevox_core/releases/download/0.16.0/voicevox_core-0.16.0-cp310-abi3-manylinux_2_34_aarch64.whl" }
resolution-markers = [
    "platform_machine != 'x86_64'",
]
wheels = [
    { url = "https://github.com/VOICEVOX/voicevox_core/releases/download/0.16.0/voicevox_core-0.16.0-cp310-abi3-manylinux_2_34_aarch64.whl", hash = "sha256:2a944bb90286895a0cbeef4698d2221ed5f3fb1b006d2d7ebb6620cfba3484ad" },
]

[[package]]
name = "voicevox-core"
version = "0.16.0"
source = { url = "https://github.com/VOICEVOX/voicevox_core/releases/download/0.16.0/voicevox_core-0.16.0-cp310-abi3-manylinux_2_34_x86_64.whl" }
resolution-markers = [
    "platform_machine == 'x86_64'",
]
wheels = [
    { url = "https://github.com/VOICEVOX/voicevox_core/releases/download/0.16.0/voicevox_core-0.16.0-cp310-abi3-manylinux_2_34_x86_64.whl", hash = "sha256:dc26a9542d477d82e9970a37e5840166dbd68fc275c68c8a1dcb640aa78a7ce6" },
]
